// !$*UTF8*$!
{
	archiveVersion = 1;
	classes = {
	};
	objectVersion = 46;
	objects = {

/* Begin PBXBuildFile section */
		6B87E5CF1547D3C8001CE8AE /* watchfox.c in Sources */ = {isa = PBXBuildFile; fileRef = 6B87E5CE1547D3C8001CE8AE /* watchfox.c */; };
/* End PBXBuildFile section */

/* Begin PBXContainerItemProxy section */
		6B87E60B1547D770001CE8AE /* PBXContainerItemProxy */ = {
			isa = PBXContainerItemProxy;
			containerPortal = 6B87E6071547D76F001CE8AE /* craftIk.xcodeproj */;
			proxyType = 2;
			remoteGlobalIDString = 6B87E5FA1547D76F001CE8AE;
			remoteInfo = craftIk;
		};
		6B87E6121547E4B3001CE8AE /* PBXContainerItemProxy */ = {
			isa = PBXContainerItemProxy;
			containerPortal = 6B87E6071547D76F001CE8AE /* craftIk.xcodeproj */;
			proxyType = 1;
			remoteGlobalIDString = 6B87E5F91547D76F001CE8AE;
			remoteInfo = craftIk;
		};
/* End PBXContainerItemProxy section */

/* Begin PBXCopyFilesBuildPhase section */
		6B2052C21547D1B800D5A120 /* CopyFiles */ = {
			isa = PBXCopyFilesBuildPhase;
			buildActionMask = 12;
			dstPath = "";
			dstSubfolderSpec = 16;
			files = (
			);
			runOnlyForDeploymentPostprocessing = 0;
		};
/* End PBXCopyFilesBuildPhase section */

/* Begin PBXFileReference section */
		6B2052C41547D1B800D5A120 /* craftIk_run */ = {isa = PBXFileReference; explicitFileType = "compiled.mach-o.executable"; includeInIndex = 0; path = craftIk_run; sourceTree = BUILT_PRODUCTS_DIR; };
		6B87E5CE1547D3C8001CE8AE /* watchfox.c */ = {isa = PBXFileReference; fileEncoding = 4; lastKnownFileType = sourcecode.c.c; path = watchfox.c; sourceTree = SOURCE_ROOT; };
		6B87E6071547D76F001CE8AE /* craftIk.xcodeproj */ = {isa = PBXFileReference; lastKnownFileType = "wrapper.pb-project"; name = craftIk.xcodeproj; path = craftIk/craftIk.xcodeproj; sourceTree = "<group>"; };
/* End PBXFileReference section */

/* Begin PBXFrameworksBuildPhase section */
		6B2052C11547D1B800D5A120 /* Frameworks */ = {
			isa = PBXFrameworksBuildPhase;
			buildActionMask = 2147483647;
			files = (
			);
			runOnlyForDeploymentPostprocessing = 0;
		};
/* End PBXFrameworksBuildPhase section */

/* Begin PBXGroup section */
		6B2052B91547D1B700D5A120 = {
			isa = PBXGroup;
			children = (
				6B87E5D01547D72B001CE8AE /* craftIk */,
				6B2052C71547D1B800D5A120 /* craftIkWF */,
				6B2052C51547D1B800D5A120 /* Products */,
			);
			sourceTree = "<group>";
		};
		6B2052C51547D1B800D5A120 /* Products */ = {
			isa = PBXGroup;
			children = (
				6B2052C41547D1B800D5A120 /* craftIk_run */,
			);
			name = Products;
			sourceTree = "<group>";
		};
		6B2052C71547D1B800D5A120 /* craftIkWF */ = {
			isa = PBXGroup;
			children = (
				6B87E5CE1547D3C8001CE8AE /* watchfox.c */,
			);
			path = craftIkWF;
			sourceTree = "<group>";
		};
		6B87E5D01547D72B001CE8AE /* craftIk */ = {
			isa = PBXGroup;
			children = (
				6B87E6071547D76F001CE8AE /* craftIk.xcodeproj */,
			);
			name = craftIk;
			sourceTree = "<group>";
		};
		6B87E6081547D76F001CE8AE /* Products */ = {
			isa = PBXGroup;
			children = (
				6B87E60C1547D770001CE8AE /* craftIk */,
			);
			name = Products;
			sourceTree = "<group>";
		};
/* End PBXGroup section */

/* Begin PBXNativeTarget section */
		6B2052C31547D1B800D5A120 /* craftIkWF */ = {
			isa = PBXNativeTarget;
			buildConfigurationList = 6B2052CE1547D1B800D5A120 /* Build configuration list for PBXNativeTarget "craftIkWF" */;
			buildPhases = (
				6B2052C01547D1B800D5A120 /* Sources */,
				6B2052C11547D1B800D5A120 /* Frameworks */,
				6B2052C21547D1B800D5A120 /* CopyFiles */,
			);
			buildRules = (
			);
			dependencies = (
				6B87E6131547E4B3001CE8AE /* PBXTargetDependency */,
			);
			name = craftIkWF;
			productName = craftIkWF;
			productReference = 6B2052C41547D1B800D5A120 /* craftIk_run */;
			productType = "com.apple.product-type.tool";
		};
/* End PBXNativeTarget section */

/* Begin PBXProject section */
		6B2052BB1547D1B700D5A120 /* Project object */ = {
			isa = PBXProject;
			attributes = {
				LastUpgradeCheck = 0430;
				ORGANIZATIONNAME = "SI Cyrusian";
			};
			buildConfigurationList = 6B2052BE1547D1B700D5A120 /* Build configuration list for PBXProject "craftIkWF" */;
			compatibilityVersion = "Xcode 3.2";
			developmentRegion = English;
			hasScannedForEncodings = 0;
			knownRegions = (
				en,
			);
			mainGroup = 6B2052B91547D1B700D5A120;
			productRefGroup = 6B2052C51547D1B800D5A120 /* Products */;
			projectDirPath = "";
			projectReferences = (
				{
					ProductGroup = 6B87E6081547D76F001CE8AE /* Products */;
					ProjectRef = 6B87E6071547D76F001CE8AE /* craftIk.xcodeproj */;
				},
			);
			projectRoot = "";
			targets = (
				6B2052C31547D1B800D5A120 /* craftIkWF */,
			);
		};
/* End PBXProject section */

/* Begin PBXReferenceProxy section */
		6B87E60C1547D770001CE8AE /* craftIk */ = {
			isa = PBXReferenceProxy;
			fileType = "compiled.mach-o.executable";
			path = craftIk;
			remoteRef = 6B87E60B1547D770001CE8AE /* PBXContainerItemProxy */;
			sourceTree = BUILT_PRODUCTS_DIR;
		};
/* End PBXReferenceProxy section */

/* Begin PBXSourcesBuildPhase section */
		6B2052C01547D1B800D5A120 /* Sources */ = {
			isa = PBXSourcesBuildPhase;
			buildActionMask = 2147483647;
			files = (
				6B87E5CF1547D3C8001CE8AE /* watchfox.c in Sources */,
			);
			runOnlyForDeploymentPostprocessing = 0;
		};
/* End PBXSourcesBuildPhase section */

/* Begin PBXTargetDependency section */
		6B87E6131547E4B3001CE8AE /* PBXTargetDependency */ = {
			isa = PBXTargetDependency;
			name = craftIk;
			targetProxy = 6B87E6121547E4B3001CE8AE /* PBXContainerItemProxy */;
		};
/* End PBXTargetDependency section */

/* Begin XCBuildConfiguration section */
		6B2052CC1547D1B800D5A120 /* Debug */ = {
			isa = XCBuildConfiguration;
			buildSettings = {
				ALWAYS_SEARCH_USER_PATHS = NO;
				ARCHS = "$(ARCHS_STANDARD_64_BIT)";
				COPY_PHASE_STRIP = NO;
				GCC_C_LANGUAGE_STANDARD = gnu99;
				GCC_DYNAMIC_NO_PIC = NO;
				GCC_ENABLE_OBJC_EXCEPTIONS = YES;
				GCC_OPTIMIZATION_LEVEL = 0;
				GCC_PREPROCESSOR_DEFINITIONS = (
					"DEBUG=1",
					"$(inherited)",
				);
				GCC_SYMBOLS_PRIVATE_EXTERN = NO;
				GCC_VERSION = com.apple.compilers.llvm.clang.1_0;
				GCC_WARN_64_TO_32_BIT_CONVERSION = YES;
				GCC_WARN_ABOUT_RETURN_TYPE = YES;
				GCC_WARN_UNINITIALIZED_AUTOS = YES;
				GCC_WARN_UNUSED_VARIABLE = YES;
				MACOSX_DEPLOYMENT_TARGET = 10.7;
				ONLY_ACTIVE_ARCH = YES;
				SDKROOT = macosx;
			};
			name = Debug;
		};
		6B2052CD1547D1B800D5A120 /* Release */ = {
			isa = XCBuildConfiguration;
			buildSettings = {
				ALWAYS_SEARCH_USER_PATHS = NO;
				ARCHS = "$(ARCHS_STANDARD_64_BIT)";
				COPY_PHASE_STRIP = YES;
				DEBUG_INFORMATION_FORMAT = "dwarf-with-dsym";
				GCC_C_LANGUAGE_STANDARD = gnu99;
				GCC_ENABLE_OBJC_EXCEPTIONS = YES;
				GCC_VERSION = com.apple.compilers.llvm.clang.1_0;
				GCC_WARN_64_TO_32_BIT_CONVERSION = YES;
				GCC_WARN_ABOUT_RETURN_TYPE = YES;
				GCC_WARN_UNINITIALIZED_AUTOS = YES;
				GCC_WARN_UNUSED_VARIABLE = YES;
				MACOSX_DEPLOYMENT_TARGET = 10.7;
				SDKROOT = macosx;
			};
			name = Release;
		};
		6B2052CF1547D1B800D5A120 /* Debug */ = {
			isa = XCBuildConfiguration;
			buildSettings = {
				PRODUCT_NAME = craftIk_run;
			};
			name = Debug;
		};
		6B2052D01547D1B800D5A120 /* Release */ = {
			isa = XCBuildConfiguration;
			buildSettings = {
				PRODUCT_NAME = craftIk_run;
			};
			name = Release;
		};
/* End XCBuildConfiguration section */

/* Begin XCConfigurationList section */
		6B2052BE1547D1B700D5A120 /* Build configuration list for PBXProject "craftIkWF" */ = {
			isa = XCConfigurationList;
			buildConfigurations = (
				6B2052CC1547D1B800D5A120 /* Debug */,
				6B2052CD1547D1B800D5A120 /* Release */,
			);
			defaultConfigurationIsVisible = 0;
			defaultConfigurationName = Release;
		};
		6B2052CE1547D1B800D5A120 /* Build configuration list for PBXNativeTarget "craftIkWF" */ = {
			isa = XCConfigurationList;
			buildConfigurations = (
				6B2052CF1547D1B800D5A120 /* Debug */,
				6B2052D01547D1B800D5A120 /* Release */,
			);
			defaultConfigurationIsVisible = 0;
			defaultConfigurationName = Release;
		};
/* End XCConfigurationList section */
	};
	rootObject = 6B2052BB1547D1B700D5A120 /* Project object */;
}
